
Microsoft Visual Studio Solution File, Format Version 12.00
# Visual Studio 14
VisualStudioVersion = 14.0.23107.0
MinimumVisualStudioVersion = 10.0.40219.1
Project("{2150E333-8FDC-42A3-9474-1A3956D46DE8}") = "Web", "Web", "{20DE9D7D-7294-40C7-9DF5-ECE9346797D6}"
EndProject
Project("{FAE04EC0-301F-11D3-BF4B-00C04F79EFBC}") = "LudogorieFood.Web", "LudogorieFood.Web\LudogorieFood.Web.csproj", "{9407D843-EEEB-43C1-B139-D3AB97FDA10F}"
EndProject
Project("{2150E333-8FDC-42A3-9474-1A3956D46DE8}") = "Data", "Data", "{2DEC298A-364E-4374-A379-5C73208A1718}"
EndProject
Project("{FAE04EC0-301F-11D3-BF4B-00C04F79EFBC}") = "LudogorieFood.Data", "Data\LudogorieFood.Data\LudogorieFood.Data.csproj", "{D1626015-B919-4EE5-97D3-443EAAFE274A}"
EndProject
Project("{2150E333-8FDC-42A3-9474-1A3956D46DE8}") = "Models", "Models", "{3A0289D7-401D-4DBF-BC78-E789DEFA3B6B}"
EndProject
Project("{FAE04EC0-301F-11D3-BF4B-00C04F79EFBC}") = "LudogorieFood.Models", "Models\LudogorieFood.Models\LudogorieFood.Models.csproj", "{43C1410D-9C76-4CB2-B524-7BFD311B184A}"
EndProject
Project("{2150E333-8FDC-42A3-9474-1A3956D46DE8}") = "Common", "Common", "{EA9597C2-F9D0-467A-A089-62D4DEEFCCE9}"
EndProject
Project("{FAE04EC0-301F-11D3-BF4B-00C04F79EFBC}") = "LudogorieFood.Web.Common", "web\common\LudogorieFood.Web.Common\LudogorieFood.Web.Common.csproj", "{5B75E377-4627-459C-83A0-DCD447C846D0}"
EndProject
Project("{FAE04EC0-301F-11D3-BF4B-00C04F79EFBC}") = "LudogorieFood.Web.Infrastructure", "web\LudogorieFood.Web.Infrastructure\LudogorieFood.Web.Infrastructure.csproj", "{985FB93F-BE6F-4F56-B2D0-F973577B1CA4}"
EndProject
Global
	GlobalSection(SolutionConfigurationPlatforms) = preSolution
		Debug|Any CPU = Debug|Any CPU
		Release|Any CPU = Release|Any CPU
	EndGlobalSection
	GlobalSection(ProjectConfigurationPlatforms) = postSolution
		{9407D843-EEEB-43C1-B139-D3AB97FDA10F}.Debug|Any CPU.ActiveCfg = Debug|Any CPU
		{9407D843-EEEB-43C1-B139-D3AB97FDA10F}.Debug|Any CPU.Build.0 = Debug|Any CPU
		{9407D843-EEEB-43C1-B139-D3AB97FDA10F}.Release|Any CPU.ActiveCfg = Release|Any CPU
		{9407D843-EEEB-43C1-B139-D3AB97FDA10F}.Release|Any CPU.Build.0 = Release|Any CPU
		{D1626015-B919-4EE5-97D3-443EAAFE274A}.Debug|Any CPU.ActiveCfg = Debug|Any CPU
		{D1626015-B919-4EE5-97D3-443EAAFE274A}.Debug|Any CPU.Build.0 = Debug|Any CPU
		{D1626015-B919-4EE5-97D3-443EAAFE274A}.Release|Any CPU.ActiveCfg = Release|Any CPU
		{D1626015-B919-4EE5-97D3-443EAAFE274A}.Release|Any CPU.Build.0 = Release|Any CPU
		{43C1410D-9C76-4CB2-B524-7BFD311B184A}.Debug|Any CPU.ActiveCfg = Debug|Any CPU
		{43C1410D-9C76-4CB2-B524-7BFD311B184A}.Debug|Any CPU.Build.0 = Debug|Any CPU
		{43C1410D-9C76-4CB2-B524-7BFD311B184A}.Release|Any CPU.ActiveCfg = Release|Any CPU
		{43C1410D-9C76-4CB2-B524-7BFD311B184A}.Release|Any CPU.Build.0 = Release|Any CPU
		{5B75E377-4627-459C-83A0-DCD447C846D0}.Debug|Any CPU.ActiveCfg = Debug|Any CPU
		{5B75E377-4627-459C-83A0-DCD447C846D0}.Debug|Any CPU.Build.0 = Debug|Any CPU
		{5B75E377-4627-459C-83A0-DCD447C846D0}.Release|Any CPU.ActiveCfg = Release|Any CPU
		{5B75E377-4627-459C-83A0-DCD447C846D0}.Release|Any CPU.Build.0 = Release|Any CPU
		{985FB93F-BE6F-4F56-B2D0-F973577B1CA4}.Debug|Any CPU.ActiveCfg = Debug|Any CPU
		{985FB93F-BE6F-4F56-B2D0-F973577B1CA4}.Debug|Any CPU.Build.0 = Debug|Any CPU
		{985FB93F-BE6F-4F56-B2D0-F973577B1CA4}.Release|Any CPU.ActiveCfg = Release|Any CPU
		{985FB93F-BE6F-4F56-B2D0-F973577B1CA4}.Release|Any CPU.Build.0 = Release|Any CPU
	EndGlobalSection
	GlobalSection(SolutionProperties) = preSolution
		HideSolutionNode = FALSE
	EndGlobalSection
	GlobalSection(NestedProjects) = preSolution
		{9407D843-EEEB-43C1-B139-D3AB97FDA10F} = {20DE9D7D-7294-40C7-9DF5-ECE9346797D6}
		{D1626015-B919-4EE5-97D3-443EAAFE274A} = {2DEC298A-364E-4374-A379-5C73208A1718}
		{43C1410D-9C76-4CB2-B524-7BFD311B184A} = {3A0289D7-401D-4DBF-BC78-E789DEFA3B6B}
		{5B75E377-4627-459C-83A0-DCD447C846D0} = {EA9597C2-F9D0-467A-A089-62D4DEEFCCE9}
		{985FB93F-BE6F-4F56-B2D0-F973577B1CA4} = {20DE9D7D-7294-40C7-9DF5-ECE9346797D6}
	EndGlobalSection
EndGlobal
